Microsoft Visual Studio Solution File, Format Version 12.00
# Visual Studio Version 17
VisualStudioVersion = 17.5.2.0
MinimumVisualStudioVersion = 10.0.40219.1
Project("{FAE04EC0-301F-11D3-BF4B-00C04F79EFBC}") = "WebCoreAPI", "WebCoreAPI\WebCoreAPI.csproj", "{84BE0530-206B-377B-778F-71E01393340B}"
EndProject
Global
	GlobalSection(SolutionConfigurationPlatforms) = preSolution
		Debug|Any CPU = Debug|Any CPU
		Release|Any CPU = Release|Any CPU
	EndGlobalSection
	GlobalSection(ProjectConfigurationPlatforms) = postSolution
		{84BE0530-206B-377B-778F-71E01393340B}.Debug|Any CPU.ActiveCfg = Debug|Any CPU
		{84BE0530-206B-377B-778F-71E01393340B}.Debug|Any CPU.Build.0 = Debug|Any CPU
		{84BE0530-206B-377B-778F-71E01393340B}.Release|Any CPU.ActiveCfg = Release|Any CPU
		{84BE0530-206B-377B-778F-71E01393340B}.Release|Any CPU.Build.0 = Release|Any CPU
	EndGlobalSection
	GlobalSection(SolutionProperties) = preSolution
		HideSolutionNode = FALSE
	EndGlobalSection
	GlobalSection(ExtensibilityGlobals) = postSolution
		SolutionGuid = {4F53737D-8BC8-4306-990A-617C4DF89C9C}
	EndGlobalSection
EndGlobal
